# THIS IS AN AUTOGENERATED FILE. DO NOT EDIT THIS FILE DIRECTLY.
# yarn lockfile v1


bootstrap@^4.3.1:
  version "4.3.1"
  resolved "https://registry.yarnpkg.com/bootstrap/-/bootstrap-4.3.1.tgz#280ca8f610504d99d7b6b4bfc4b68cec601704ac"
  integrity sha512-rXqOmH1VilAt2DyPzluTi2blhk17bO7ef+zLLPlWvG494pDxcM234pJ8wTc/6R40UWizAIIMgxjvxZg5kmsbag==

progressbar.js@^1.0.1:
  version "1.0.1"
  resolved "https://registry.yarnpkg.com/progressbar.js/-/progressbar.js-1.0.1.tgz#f7fbfc195240fe0bb32f6f7bdb2e7ff400ea71f9"
  integrity sha1-9/v8GVJA/guzL2972y5/9ADqcfk=
  dependencies:
    shifty "^1.5.2"

shifty@^1.5.2:
  version "1.5.4"
  resolved "https://registry.yarnpkg.com/shifty/-/shifty-1.5.4.tgz#d4362fc914dd280ddf6e522be408b21203208346"
  integrity sha1-1DYvyRTdKA3fblIr5AiyEgMgg0Y=
